schema: '2.0'
stages:
  download_ERA5_CCF_sfc:
    cmd: python src/era5_download_surface.py --output=./data/ERA5/ERA5_CCF_surface.nc
    deps:
    - path: src/era5_download_surface.py
      hash: md5
      md5: b991c7cd1ac452f4b2cafae831f40bc1
      size: 1734
    outs:
    - path: ./data/ERA5/ERA5_CCF_surface.nc
      hash: md5
      md5: ef7b30185322e08bbe4aa7b04793bf9d
      size: 8409595448
  download_ERA5_CCF_plev:
    cmd: python src/era5_download_pressurelev.py --output=./data/ERA5/ERA5_CCF_pressurelev.nc
    deps:
    - path: src/era5_download_pressurelev.py
      hash: md5
      md5: f5d2c76d615da32c1ff069ce941a7254
      size: 1679
    outs:
    - path: ./data/ERA5/ERA5_CCF_pressurelev.nc
      hash: md5
      md5: 069a6376799b4d3befac043af6227b15
      size: 5606409876
  create_ccf_dataset:
    cmd: python src/postprocess_era5.py --input_sfc=./data/ERA5/ERA5_CCF_surface.nc
      --input_plev=./data/ERA5/ERA5_CCF_pressurelev.nc --output=./data/ERA5/ERA5_CCF.zarr
    deps:
    - path: src/helpers.py
      hash: md5
      md5: c8c51ff45022ec4949afb4c01c5bebd5
      size: 2642
    - path: src/postprocess_era5.py
      hash: md5
      md5: b95aac38c59f7b0b7ed966c6a460fe57
      size: 1213
    outs:
    - path: ./data/ERA5/ERA5_CCF.zarr
      hash: md5
      md5: 0be7bf73f90da2c91e8e561e09425785.dir
      size: 12420864510
      nfiles: 6168
